
Microsoft Visual Studio Solution File, Format Version 12.00
# Visual Studio Version 17
VisualStudioVersion = 17.1.32319.34
MinimumVisualStudioVersion = 10.0.40219.1
Project("{FAE04EC0-301F-11D3-BF4B-00C04F79EFBC}") = "MyPhotos", "MyPhotos\MyPhotos.csproj", "{B6B1215D-1598-4D18-94C6-64F7A7B2677C}"
EndProject
Global
	GlobalSection(SolutionConfigurationPlatforms) = preSolution
		Debug|Any CPU = Debug|Any CPU
		Release|Any CPU = Release|Any CPU
	EndGlobalSection
	GlobalSection(ProjectConfigurationPlatforms) = postSolution
		{B6B1215D-1598-4D18-94C6-64F7A7B2677C}.Debug|Any CPU.ActiveCfg = Debug|Any CPU
		{B6B1215D-1598-4D18-94C6-64F7A7B2677C}.Debug|Any CPU.Build.0 = Debug|Any CPU
		{B6B1215D-1598-4D18-94C6-64F7A7B2677C}.Release|Any CPU.ActiveCfg = Release|Any CPU
		{B6B1215D-1598-4D18-94C6-64F7A7B2677C}.Release|Any CPU.Build.0 = Release|Any CPU
	EndGlobalSection
	GlobalSection(SolutionProperties) = preSolution
		HideSolutionNode = FALSE
	EndGlobalSection
	GlobalSection(ExtensibilityGlobals) = postSolution
		SolutionGuid = {1B320626-F154-466A-8E01-36DF9FC67F6B}
	EndGlobalSection
EndGlobal
